
Microsoft Visual Studio Solution File, Format Version 12.00
# Visual Studio Version 17
VisualStudioVersion = 17.3.32901.215
MinimumVisualStudioVersion = 10.0.40219.1
Project("{FAE04EC0-301F-11D3-BF4B-00C04F79EFBC}") = "Itogovayaa", "Itogovayaa.csproj", "{974D2F58-87F0-4759-AC11-021B783FD16A}"
EndProject
Global
	GlobalSection(SolutionConfigurationPlatforms) = preSolution
		Debug|Any CPU = Debug|Any CPU
		Release|Any CPU = Release|Any CPU
	EndGlobalSection
	GlobalSection(ProjectConfigurationPlatforms) = postSolution
		{974D2F58-87F0-4759-AC11-021B783FD16A}.Debug|Any CPU.ActiveCfg = Debug|Any CPU
		{974D2F58-87F0-4759-AC11-021B783FD16A}.Debug|Any CPU.Build.0 = Debug|Any CPU
		{974D2F58-87F0-4759-AC11-021B783FD16A}.Release|Any CPU.ActiveCfg = Release|Any CPU
		{974D2F58-87F0-4759-AC11-021B783FD16A}.Release|Any CPU.Build.0 = Release|Any CPU
	EndGlobalSection
	GlobalSection(SolutionProperties) = preSolution
		HideSolutionNode = FALSE
	EndGlobalSection
	GlobalSection(ExtensibilityGlobals) = postSolution
		SolutionGuid = {8DDCAD1E-BB23-4EEE-97E5-371C1EE48669}
	EndGlobalSection
EndGlobal
